
Microsoft Visual Studio Solution File, Format Version 12.00
# Visual Studio Version 16
VisualStudioVersion = 16.0.29215.179
MinimumVisualStudioVersion = 10.0.40219.1
Project("{2150E333-8FDC-42A3-9474-1A3956D46DE8}") = "Solution Items", "Solution Items", "{8586FDC1-C01F-453C-BDFE-166D47950C34}"
	ProjectSection(SolutionItems) = preProject
		appveyor.yml = appveyor.yml
		README.md = README.md
	EndProjectSection
EndProject
Project("{8BC9CEB8-8B4A-11D0-8D11-00A0C91BC942}") = "gcheapstatsvc", "src\gcheapstatsvc.vcxproj", "{11FC0319-51FD-4645-AE1A-AC759AEFDA62}"
EndProject
Project("{8BC9CEB8-8B4A-11D0-8D11-00A0C91BC942}") = "gcheapstat", "src\gcheapstat.vcxproj", "{B29F970D-1660-456D-8038-98D4FC6DBEDA}"
	ProjectSection(ProjectDependencies) = postProject
		{11FC0319-51FD-4645-AE1A-AC759AEFDA62} = {11FC0319-51FD-4645-AE1A-AC759AEFDA62}
	EndProjectSection
EndProject
Global
	GlobalSection(SolutionConfigurationPlatforms) = preSolution
		Debug|x64 = Debug|x64
		Debug|x86 = Debug|x86
		Release|x64 = Release|x64
		Release|x86 = Release|x86
	EndGlobalSection
	GlobalSection(ProjectConfigurationPlatforms) = postSolution
		{11FC0319-51FD-4645-AE1A-AC759AEFDA62}.Debug|x64.ActiveCfg = Debug|x64
		{11FC0319-51FD-4645-AE1A-AC759AEFDA62}.Debug|x64.Build.0 = Debug|x64
		{11FC0319-51FD-4645-AE1A-AC759AEFDA62}.Debug|x86.ActiveCfg = Debug|Win32
		{11FC0319-51FD-4645-AE1A-AC759AEFDA62}.Debug|x86.Build.0 = Debug|Win32
		{11FC0319-51FD-4645-AE1A-AC759AEFDA62}.Release|x64.ActiveCfg = Release|x64
		{11FC0319-51FD-4645-AE1A-AC759AEFDA62}.Release|x64.Build.0 = Release|x64
		{11FC0319-51FD-4645-AE1A-AC759AEFDA62}.Release|x86.ActiveCfg = Release|Win32
		{11FC0319-51FD-4645-AE1A-AC759AEFDA62}.Release|x86.Build.0 = Release|Win32
		{B29F970D-1660-456D-8038-98D4FC6DBEDA}.Debug|x64.ActiveCfg = Debug|x64
		{B29F970D-1660-456D-8038-98D4FC6DBEDA}.Debug|x64.Build.0 = Debug|x64
		{B29F970D-1660-456D-8038-98D4FC6DBEDA}.Debug|x86.ActiveCfg = Debug|Win32
		{B29F970D-1660-456D-8038-98D4FC6DBEDA}.Debug|x86.Build.0 = Debug|Win32
		{B29F970D-1660-456D-8038-98D4FC6DBEDA}.Release|x64.ActiveCfg = Release|x64
		{B29F970D-1660-456D-8038-98D4FC6DBEDA}.Release|x64.Build.0 = Release|x64
		{B29F970D-1660-456D-8038-98D4FC6DBEDA}.Release|x86.ActiveCfg = Release|Win32
		{B29F970D-1660-456D-8038-98D4FC6DBEDA}.Release|x86.Build.0 = Release|Win32
	EndGlobalSection
	GlobalSection(SolutionProperties) = preSolution
		HideSolutionNode = FALSE
	EndGlobalSection
	GlobalSection(ExtensibilityGlobals) = postSolution
		SolutionGuid = {BDBE35ED-8FCA-46CA-A9EE-2D2C3AEF315A}
	EndGlobalSection
EndGlobal
