<?xml version="1.0" encoding="utf-8"?>
<Project ToolsVersion="4.0" xmlns="http://schemas.microsoft.com/developer/msbuild/2003">
  <ItemGroup>
    <ClCompile Include="main.cpp" />
    <ClCompile Include="stdafx.cpp" />
    <ClCompile Include="options.cpp" />
    <ClCompile Include="rpc_c.c" />
    <ClCompile Include="rpc_s.c" />
    <ClCompile Include="process_info.cpp" />
    <ClCompile Include="cancellation.cpp" />
    <ClCompile Include="application.cpp" />
    <ClCompile Include="rpc_helpers.cpp" />
    <ClCompile Include="runas_localsystem.cpp" />
    <ClCompile Include="mtstat_calculator.cpp" />
    <ClCompile Include="clr_data_access.cpp" />
    <ClCompile Include="clr_data_target_impl.cpp" />
    <ClCompile Include="process_context.cpp" />
    <ClCompile Include="rpc_server.cpp" />
    <ClCompile Include="console_ctrl_handler.cpp" />
    <ClCompile Include="log.cpp" />
  </ItemGroup>
  <ItemGroup>
    <ClInclude Include="stdafx.h" />
    <ClInclude Include="options.h" />
    <ClInclude Include="cancellation.h" />
    <ClInclude Include="rpc_h.h" />
    <ClInclude Include="process_info.h" />
    <ClInclude Include="runas_localsystem.h" />
    <ClInclude Include="application.h" />
    <ClInclude Include="rpc_helpers.h" />
    <ClInclude Include="mtstat_calculator.h" />
    <ClInclude Include="resource.h" />
    <ClInclude Include="clr_data_access.h" />
    <ClInclude Include="clr_data_target_impl.h" />
    <ClInclude Include="rpc_server.h" />
    <ClInclude Include="process_context.h" />
    <ClInclude Include="common.h" />
    <ClInclude Include="console_ctrl_handler.h" />
    <ClInclude Include="singleton_scope.h" />
    <ClInclude Include="log.h" />
  </ItemGroup>
  <ItemGroup>
    <Midl Include="rpc.idl" />
  </ItemGroup>
  <ItemGroup>
    <ResourceCompile Include="runas_localsystem.rc" />
    <ResourceCompile Include="gcheapstat.rc" />
  </ItemGroup>
</Project>